{
  "name": "SymfonyProject",
  "lockfileVersion": 3,
  "requires": true,
  "packages": {
    "": {
      "dependencies": {
        "symphony": "^0.0.8"
      }
    },
    "node_modules/emerge": {
      "version": "0.0.6",
      "resolved": "https://registry.npmjs.org/emerge/-/emerge-0.0.6.tgz",
      "integrity": "sha512-Hvr++Hhs9q7CoEwkqPDayHvDVcbFboAcvgVZJRXJRHi9ob+NSgUIMwV7oXpUlIF72kjSng02+CyCVg5e/LHqBw=="
    },
    "node_modules/prax": {
      "version": "0.0.4",
      "resolved": "https://registry.npmjs.org/prax/-/prax-0.0.4.tgz",
      "integrity": "sha512-CkofTYO3YbkvsnX41wJvZeL/S6lGwZwK1MChicyNoB+ryArc3FBYvSA9ikSUASiGCDzPMe8dGP+6T1qVzkNrrQ==",
      "peerDependencies": {
        "emerge": ">= 0.0.6"
      }
    },
    "node_modules/rapt": {
      "version": "0.0.7",
      "resolved": "https://registry.npmjs.org/rapt/-/rapt-0.0.7.tgz",
      "integrity": "sha512-/7MTCnrzLb0xjQNUGXjJ5MrbU9Bt7e1oryvPZ7Git65TUSlHnMimb4fjCK1MWzPcIj/TxzJYEsYWCabieEJh2w==",
      "deprecated": "Deprecated in favour of Prax: https://github.com/Mitranim/prax"
    },
    "node_modules/react": {
      "version": "19.0.0",
      "resolved": "https://registry.npmjs.org/react/-/react-19.0.0.tgz",
      "integrity": "sha512-V8AVnmPIICiWpGfm6GLzCR/W5FXLchHop40W4nXBmdlEceh16rCN8O8LNWm5bh5XUX91fh7KpA+W0TgMKmgTpQ==",
      "peer": true,
      "engines": {
        "node": ">=0.10.0"
      }
    },
    "node_modules/redux": {
      "version": "5.0.1",
      "resolved": "https://registry.npmjs.org/redux/-/redux-5.0.1.tgz",
      "integrity": "sha512-M9/ELqF6fy8FwmkpnF0S3YKOqMyoWJ4+CS5Efg2ct3oY9daQvd/Pc71FpGZsVsbl3Cpb+IIcjBDUnnyBdQbq4w==",
      "peer": true
    },
    "node_modules/symphony": {
      "version": "0.0.8",
      "resolved": "https://registry.npmjs.org/symphony/-/symphony-0.0.8.tgz",
      "integrity": "sha512-yx9zsBSsRGRClRrrtR+HWGVKz0eyyKOcA9VzBw+aUFrPIZZLYZKdLLf6R6wHtgpZN4Lq3ObNHdf766budse1Jw==",
      "deprecated": "Deprecated in favour of Prax: https://github.com/Mitranim/prax",
      "dependencies": {
        "emerge": "0.0.6",
        "prax": "0.0.4",
        "rapt": "0.0.7"
      },
      "peerDependencies": {
        "react": ">= 0.13.0",
        "redux": ">= 1.0.0"
      }
    }
  }
}
